{
    "_readme": [
        "Generated by innobrain/soak-time. Records package integrity evidence",
        "for every version installed into this project. Commit alongside composer.lock.",
        "A mismatch against recorded hashes, source references, or canonical URLs",
        "hard-fails the run \u2014 the signal of an altered historical release."
    ],
    "_version": 2,
    "packages": []
}
